// !$*UTF8*$!
{
	archiveVersion = 1;
	classes = {
	};
	objectVersion = 55;
	objects = {

/* Begin PBXBuildFile section */
		A667D6B5274D6E87004F2AC2 /* SampleApp.swift in Sources */ = {isa = PBXBuildFile; fileRef = A667D6B4274D6E87004F2AC2 /* SampleApp.swift */; };
		A667D6B7274D6E87004F2AC2 /* ContentView.swift in Sources */ = {isa = PBXBuildFile; fileRef = A667D6B6274D6E87004F2AC2 /* ContentView.swift */; };
		A667D6B9274D6E88004F2AC2 /* Assets.xcassets in Resources */ = {isa = PBXBuildFile; fileRef = A667D6B8274D6E88004F2AC2 /* Assets.xcassets */; };
		A667D6BC274D6E88004F2AC2 /* Preview Assets.xcassets in Resources */ = {isa = PBXBuildFile; fileRef = A667D6BB274D6E88004F2AC2 /* Preview Assets.xcassets */; };
		A667D6C6274D6E89004F2AC2 /* SampleAppTests.swift in Sources */ = {isa = PBXBuildFile; fileRef = A667D6C5274D6E89004F2AC2 /* SampleAppTests.swift */; };
		A667D6D0274D6E89004F2AC2 /* SampleAppUITests.swift in Sources */ = {isa = PBXBuildFile; fileRef = A667D6CF274D6E89004F2AC2 /* SampleAppUITests.swift */; };
		A667D6D2274D6E89004F2AC2 /* SampleAppUITestsLaunchTests.swift in Sources */ = {isa = PBXBuildFile; fileRef = A667D6D1274D6E89004F2AC2 /* SampleAppUITestsLaunchTests.swift */; };
		A667D6E1274D6EE5004F2AC2 /* VCServices.framework in Frameworks */ = {isa = PBXBuildFile; fileRef = A667D6E0274D6EE5004F2AC2 /* VCServices.framework */; };
		A667D6E2274D6EE5004F2AC2 /* VCServices.framework in Embed Frameworks */ = {isa = PBXBuildFile; fileRef = A667D6E0274D6EE5004F2AC2 /* VCServices.framework */; settings = {ATTRIBUTES = (CodeSignOnCopy, RemoveHeadersOnCopy, ); }; };
		A667D6E5274D6FAB004F2AC2 /* Issuance.swift in Sources */ = {isa = PBXBuildFile; fileRef = A667D6E4274D6FAB004F2AC2 /* Issuance.swift */; };
/* End PBXBuildFile section */

/* Begin PBXContainerItemProxy section */
		A667D6C2274D6E89004F2AC2 /* PBXContainerItemProxy */ = {
			isa = PBXContainerItemProxy;
			containerPortal = A667D6A9274D6E87004F2AC2 /* Project object */;
			proxyType = 1;
			remoteGlobalIDString = A667D6B0274D6E87004F2AC2;
			remoteInfo = SampleApp;
		};
		A667D6CC274D6E89004F2AC2 /* PBXContainerItemProxy */ = {
			isa = PBXContainerItemProxy;
			containerPortal = A667D6A9274D6E87004F2AC2 /* Project object */;
			proxyType = 1;
			remoteGlobalIDString = A667D6B0274D6E87004F2AC2;
			remoteInfo = SampleApp;
		};
/* End PBXContainerItemProxy section */

/* Begin PBXCopyFilesBuildPhase section */
		A667D6E3274D6EE5004F2AC2 /* Embed Frameworks */ = {
			isa = PBXCopyFilesBuildPhase;
			buildActionMask = 2147483647;
			dstPath = "";
			dstSubfolderSpec = 10;
			files = (
				A667D6E2274D6EE5004F2AC2 /* VCServices.framework in Embed Frameworks */,
			);
			name = "Embed Frameworks";
			runOnlyForDeploymentPostprocessing = 0;
		};
/* End PBXCopyFilesBuildPhase section */

/* Begin PBXFileReference section */
		A667D6B1274D6E87004F2AC2 /* SampleApp.app */ = {isa = PBXFileReference; explicitFileType = wrapper.application; includeInIndex = 0; path = SampleApp.app; sourceTree = BUILT_PRODUCTS_DIR; };
		A667D6B4274D6E87004F2AC2 /* SampleApp.swift */ = {isa = PBXFileReference; lastKnownFileType = sourcecode.swift; path = SampleApp.swift; sourceTree = "<group>"; };
		A667D6B6274D6E87004F2AC2 /* ContentView.swift */ = {isa = PBXFileReference; lastKnownFileType = sourcecode.swift; path = ContentView.swift; sourceTree = "<group>"; };
		A667D6B8274D6E88004F2AC2 /* Assets.xcassets */ = {isa = PBXFileReference; lastKnownFileType = folder.assetcatalog; path = Assets.xcassets; sourceTree = "<group>"; };
		A667D6BB274D6E88004F2AC2 /* Preview Assets.xcassets */ = {isa = PBXFileReference; lastKnownFileType = folder.assetcatalog; path = "Preview Assets.xcassets"; sourceTree = "<group>"; };
		A667D6C1274D6E89004F2AC2 /* SampleAppTests.xctest */ = {isa = PBXFileReference; explicitFileType = wrapper.cfbundle; includeInIndex = 0; path = SampleAppTests.xctest; sourceTree = BUILT_PRODUCTS_DIR; };
		A667D6C5274D6E89004F2AC2 /* SampleAppTests.swift */ = {isa = PBXFileReference; lastKnownFileType = sourcecode.swift; path = SampleAppTests.swift; sourceTree = "<group>"; };
		A667D6CB274D6E89004F2AC2 /* SampleAppUITests.xctest */ = {isa = PBXFileReference; explicitFileType = wrapper.cfbundle; includeInIndex = 0; path = SampleAppUITests.xctest; sourceTree = BUILT_PRODUCTS_DIR; };
		A667D6CF274D6E89004F2AC2 /* SampleAppUITests.swift */ = {isa = PBXFileReference; lastKnownFileType = sourcecode.swift; path = SampleAppUITests.swift; sourceTree = "<group>"; };
		A667D6D1274D6E89004F2AC2 /* SampleAppUITestsLaunchTests.swift */ = {isa = PBXFileReference; lastKnownFileType = sourcecode.swift; path = SampleAppUITestsLaunchTests.swift; sourceTree = "<group>"; };
		A667D6DE274D6ED7004F2AC2 /* Info.plist */ = {isa = PBXFileReference; lastKnownFileType = text.plist; path = Info.plist; sourceTree = "<group>"; };
		A667D6E0274D6EE5004F2AC2 /* VCServices.framework */ = {isa = PBXFileReference; explicitFileType = wrapper.framework; path = VCServices.framework; sourceTree = BUILT_PRODUCTS_DIR; };
		A667D6E4274D6FAB004F2AC2 /* Issuance.swift */ = {isa = PBXFileReference; lastKnownFileType = sourcecode.swift; path = Issuance.swift; sourceTree = "<group>"; };
/* End PBXFileReference section */

/* Begin PBXFrameworksBuildPhase section */
		A667D6AE274D6E87004F2AC2 /* Frameworks */ = {
			isa = PBXFrameworksBuildPhase;
			buildActionMask = 2147483647;
			files = (
				A667D6E1274D6EE5004F2AC2 /* VCServices.framework in Frameworks */,
			);
			runOnlyForDeploymentPostprocessing = 0;
		};
		A667D6BE274D6E89004F2AC2 /* Frameworks */ = {
			isa = PBXFrameworksBuildPhase;
			buildActionMask = 2147483647;
			files = (
			);
			runOnlyForDeploymentPostprocessing = 0;
		};
		A667D6C8274D6E89004F2AC2 /* Frameworks */ = {
			isa = PBXFrameworksBuildPhase;
			buildActionMask = 2147483647;
			files = (
			);
			runOnlyForDeploymentPostprocessing = 0;
		};
/* End PBXFrameworksBuildPhase section */

/* Begin PBXGroup section */
		A667D6A8274D6E87004F2AC2 = {
			isa = PBXGroup;
			children = (
				A667D6B3274D6E87004F2AC2 /* SampleApp */,
				A667D6C4274D6E89004F2AC2 /* SampleAppTests */,
				A667D6CE274D6E89004F2AC2 /* SampleAppUITests */,
				A667D6B2274D6E87004F2AC2 /* Products */,
				A667D6DF274D6EE5004F2AC2 /* Frameworks */,
			);
			sourceTree = "<group>";
		};
		A667D6B2274D6E87004F2AC2 /* Products */ = {
			isa = PBXGroup;
			children = (
				A667D6B1274D6E87004F2AC2 /* SampleApp.app */,
				A667D6C1274D6E89004F2AC2 /* SampleAppTests.xctest */,
				A667D6CB274D6E89004F2AC2 /* SampleAppUITests.xctest */,
			);
			name = Products;
			sourceTree = "<group>";
		};
		A667D6B3274D6E87004F2AC2 /* SampleApp */ = {
			isa = PBXGroup;
			children = (
				A667D6DE274D6ED7004F2AC2 /* Info.plist */,
				A667D6B4274D6E87004F2AC2 /* SampleApp.swift */,
				A667D6B6274D6E87004F2AC2 /* ContentView.swift */,
				A667D6B8274D6E88004F2AC2 /* Assets.xcassets */,
				A667D6BA274D6E88004F2AC2 /* Preview Content */,
				A667D6E4274D6FAB004F2AC2 /* Issuance.swift */,
			);
			path = SampleApp;
			sourceTree = "<group>";
		};
		A667D6BA274D6E88004F2AC2 /* Preview Content */ = {
			isa = PBXGroup;
			children = (
				A667D6BB274D6E88004F2AC2 /* Preview Assets.xcassets */,
			);
			path = "Preview Content";
			sourceTree = "<group>";
		};
		A667D6C4274D6E89004F2AC2 /* SampleAppTests */ = {
			isa = PBXGroup;
			children = (
				A667D6C5274D6E89004F2AC2 /* SampleAppTests.swift */,
			);
			path = SampleAppTests;
			sourceTree = "<group>";
		};
		A667D6CE274D6E89004F2AC2 /* SampleAppUITests */ = {
			isa = PBXGroup;
			children = (
				A667D6CF274D6E89004F2AC2 /* SampleAppUITests.swift */,
				A667D6D1274D6E89004F2AC2 /* SampleAppUITestsLaunchTests.swift */,
			);
			path = SampleAppUITests;
			sourceTree = "<group>";
		};
		A667D6DF274D6EE5004F2AC2 /* Frameworks */ = {
			isa = PBXGroup;
			children = (
				A667D6E0274D6EE5004F2AC2 /* VCServices.framework */,
			);
			name = Frameworks;
			sourceTree = "<group>";
		};
/* End PBXGroup section */

/* Begin PBXNativeTarget section */
		A667D6B0274D6E87004F2AC2 /* SampleApp */ = {
			isa = PBXNativeTarget;
			buildConfigurationList = A667D6D5274D6E89004F2AC2 /* Build configuration list for PBXNativeTarget "SampleApp" */;
			buildPhases = (
				A667D6AD274D6E87004F2AC2 /* Sources */,
				A667D6AE274D6E87004F2AC2 /* Frameworks */,
				A667D6AF274D6E87004F2AC2 /* Resources */,
				A667D6E3274D6EE5004F2AC2 /* Embed Frameworks */,
			);
			buildRules = (
			);
			dependencies = (
			);
			name = SampleApp;
			productName = SampleApp;
			productReference = A667D6B1274D6E87004F2AC2 /* SampleApp.app */;
			productType = "com.apple.product-type.application";
		};
		A667D6C0274D6E89004F2AC2 /* SampleAppTests */ = {
			isa = PBXNativeTarget;
			buildConfigurationList = A667D6D8274D6E89004F2AC2 /* Build configuration list for PBXNativeTarget "SampleAppTests" */;
			buildPhases = (
				A667D6BD274D6E89004F2AC2 /* Sources */,
				A667D6BE274D6E89004F2AC2 /* Frameworks */,
				A667D6BF274D6E89004F2AC2 /* Resources */,
			);
			buildRules = (
			);
			dependencies = (
				A667D6C3274D6E89004F2AC2 /* PBXTargetDependency */,
			);
			name = SampleAppTests;
			productName = SampleAppTests;
			productReference = A667D6C1274D6E89004F2AC2 /* SampleAppTests.xctest */;
			productType = "com.apple.product-type.bundle.unit-test";
		};
		A667D6CA274D6E89004F2AC2 /* SampleAppUITests */ = {
			isa = PBXNativeTarget;
			buildConfigurationList = A667D6DB274D6E89004F2AC2 /* Build configuration list for PBXNativeTarget "SampleAppUITests" */;
			buildPhases = (
				A667D6C7274D6E89004F2AC2 /* Sources */,
				A667D6C8274D6E89004F2AC2 /* Frameworks */,
				A667D6C9274D6E89004F2AC2 /* Resources */,
			);
			buildRules = (
			);
			dependencies = (
				A667D6CD274D6E89004F2AC2 /* PBXTargetDependency */,
			);
			name = SampleAppUITests;
			productName = SampleAppUITests;
			productReference = A667D6CB274D6E89004F2AC2 /* SampleAppUITests.xctest */;
			productType = "com.apple.product-type.bundle.ui-testing";
		};
/* End PBXNativeTarget section */

/* Begin PBXProject section */
		A667D6A9274D6E87004F2AC2 /* Project object */ = {
			isa = PBXProject;
			attributes = {
				BuildIndependentTargetsInParallel = 1;
				LastSwiftUpdateCheck = 1310;
				LastUpgradeCheck = 1310;
				TargetAttributes = {
					A667D6B0274D6E87004F2AC2 = {
						CreatedOnToolsVersion = 13.1;
					};
					A667D6C0274D6E89004F2AC2 = {
						CreatedOnToolsVersion = 13.1;
						TestTargetID = A667D6B0274D6E87004F2AC2;
					};
					A667D6CA274D6E89004F2AC2 = {
						CreatedOnToolsVersion = 13.1;
						TestTargetID = A667D6B0274D6E87004F2AC2;
					};
				};
			};
			buildConfigurationList = A667D6AC274D6E87004F2AC2 /* Build configuration list for PBXProject "SampleApp" */;
			compatibilityVersion = "Xcode 13.0";
			developmentRegion = en;
			hasScannedForEncodings = 0;
			knownRegions = (
				en,
				Base,
			);
			mainGroup = A667D6A8274D6E87004F2AC2;
			productRefGroup = A667D6B2274D6E87004F2AC2 /* Products */;
			projectDirPath = "";
			projectRoot = "";
			targets = (
				A667D6B0274D6E87004F2AC2 /* SampleApp */,
				A667D6C0274D6E89004F2AC2 /* SampleAppTests */,
				A667D6CA274D6E89004F2AC2 /* SampleAppUITests */,
			);
		};
/* End PBXProject section */

/* Begin PBXResourcesBuildPhase section */
		A667D6AF274D6E87004F2AC2 /* Resources */ = {
			isa = PBXResourcesBuildPhase;
			buildActionMask = 2147483647;
			files = (
				A667D6BC274D6E88004F2AC2 /* Preview Assets.xcassets in Resources */,
				A667D6B9274D6E88004F2AC2 /* Assets.xcassets in Resources */,
			);
			runOnlyForDeploymentPostprocessing = 0;
		};
		A667D6BF274D6E89004F2AC2 /* Resources */ = {
			isa = PBXResourcesBuildPhase;
			buildActionMask = 2147483647;
			files = (
			);
			runOnlyForDeploymentPostprocessing = 0;
		};
		A667D6C9274D6E89004F2AC2 /* Resources */ = {
			isa = PBXResourcesBuildPhase;
			buildActionMask = 2147483647;
			files = (
			);
			runOnlyForDeploymentPostprocessing = 0;
		};
/* End PBXResourcesBuildPhase section */

/* Begin PBXSourcesBuildPhase section */
		A667D6AD274D6E87004F2AC2 /* Sources */ = {
			isa = PBXSourcesBuildPhase;
			buildActionMask = 2147483647;
			files = (
				A667D6E5274D6FAB004F2AC2 /* Issuance.swift in Sources */,
				A667D6B7274D6E87004F2AC2 /* ContentView.swift in Sources */,
				A667D6B5274D6E87004F2AC2 /* SampleApp.swift in Sources */,
			);
			runOnlyForDeploymentPostprocessing = 0;
		};
		A667D6BD274D6E89004F2AC2 /* Sources */ = {
			isa = PBXSourcesBuildPhase;
			buildActionMask = 2147483647;
			files = (
				A667D6C6274D6E89004F2AC2 /* SampleAppTests.swift in Sources */,
			);
			runOnlyForDeploymentPostprocessing = 0;
		};
		A667D6C7274D6E89004F2AC2 /* Sources */ = {
			isa = PBXSourcesBuildPhase;
			buildActionMask = 2147483647;
			files = (
				A667D6D2274D6E89004F2AC2 /* SampleAppUITestsLaunchTests.swift in Sources */,
				A667D6D0274D6E89004F2AC2 /* SampleAppUITests.swift in Sources */,
			);
			runOnlyForDeploymentPostprocessing = 0;
		};
/* End PBXSourcesBuildPhase section */

/* Begin PBXTargetDependency section */
		A667D6C3274D6E89004F2AC2 /* PBXTargetDependency */ = {
			isa = PBXTargetDependency;
			target = A667D6B0274D6E87004F2AC2 /* SampleApp */;
			targetProxy = A667D6C2274D6E89004F2AC2 /* PBXContainerItemProxy */;
		};
		A667D6CD274D6E89004F2AC2 /* PBXTargetDependency */ = {
			isa = PBXTargetDependency;
			target = A667D6B0274D6E87004F2AC2 /* SampleApp */;
			targetProxy = A667D6CC274D6E89004F2AC2 /* PBXContainerItemProxy */;
		};
/* End PBXTargetDependency section */

/* Begin XCBuildConfiguration section */
		A667D6D3274D6E89004F2AC2 /* Debug */ = {
			isa = XCBuildConfiguration;
			buildSettings = {
				ALWAYS_SEARCH_USER_PATHS = NO;
				CLANG_ANALYZER_NONNULL = YES;
				CLANG_ANALYZER_NUMBER_OBJECT_CONVERSION = YES_AGGRESSIVE;
				CLANG_CXX_LANGUAGE_STANDARD = "gnu++17";
				CLANG_CXX_LIBRARY = "libc++";
				CLANG_ENABLE_MODULES = YES;
				CLANG_ENABLE_OBJC_ARC = YES;
				CLANG_ENABLE_OBJC_WEAK = YES;
				CLANG_WARN_BLOCK_CAPTURE_AUTORELEASING = YES;
				CLANG_WARN_BOOL_CONVERSION = YES;
				CLANG_WARN_COMMA = YES;
				CLANG_WARN_CONSTANT_CONVERSION = YES;
				CLANG_WARN_DEPRECATED_OBJC_IMPLEMENTATIONS = YES;
				CLANG_WARN_DIRECT_OBJC_ISA_USAGE = YES_ERROR;
				CLANG_WARN_DOCUMENTATION_COMMENTS = YES;
				CLANG_WARN_EMPTY_BODY = YES;
				CLANG_WARN_ENUM_CONVERSION = YES;
				CLANG_WARN_INFINITE_RECURSION = YES;
				CLANG_WARN_INT_CONVERSION = YES;
				CLANG_WARN_NON_LITERAL_NULL_CONVERSION = YES;
				CLANG_WARN_OBJC_IMPLICIT_RETAIN_SELF = YES;
				CLANG_WARN_OBJC_LITERAL_CONVERSION = YES;
				CLANG_WARN_OBJC_ROOT_CLASS = YES_ERROR;
				CLANG_WARN_QUOTED_INCLUDE_IN_FRAMEWORK_HEADER = YES;
				CLANG_WARN_RANGE_LOOP_ANALYSIS = YES;
				CLANG_WARN_STRICT_PROTOTYPES = YES;
				CLANG_WARN_SUSPICIOUS_MOVE = YES;
				CLANG_WARN_UNGUARDED_AVAILABILITY = YES_AGGRESSIVE;
				CLANG_WARN_UNREACHABLE_CODE = YES;
				CLANG_WARN__DUPLICATE_METHOD_MATCH = YES;
				COPY_PHASE_STRIP = NO;
				DEBUG_INFORMATION_FORMAT = dwarf;
				ENABLE_STRICT_OBJC_MSGSEND = YES;
				ENABLE_TESTABILITY = YES;
				GCC_C_LANGUAGE_STANDARD = gnu11;
				GCC_DYNAMIC_NO_PIC = NO;
				GCC_NO_COMMON_BLOCKS = YES;
				GCC_OPTIMIZATION_LEVEL = 0;
				GCC_PREPROCESSOR_DEFINITIONS = (
					"DEBUG=1",
					"$(inherited)",
				);
				GCC_WARN_64_TO_32_BIT_CONVERSION = YES;
				GCC_WARN_ABOUT_RETURN_TYPE = YES_ERROR;
				GCC_WARN_UNDECLARED_SELECTOR = YES;
				GCC_WARN_UNINITIALIZED_AUTOS = YES_AGGRESSIVE;
				GCC_WARN_UNUSED_FUNCTION = YES;
				GCC_WARN_UNUSED_VARIABLE = YES;
				IPHONEOS_DEPLOYMENT_TARGET = 15.0;
				MTL_ENABLE_DEBUG_INFO = INCLUDE_SOURCE;
				MTL_FAST_MATH = YES;
				ONLY_ACTIVE_ARCH = YES;
				SDKROOT = iphoneos;
				SWIFT_ACTIVE_COMPILATION_CONDITIONS = DEBUG;
				SWIFT_OPTIMIZATION_LEVEL = "-Onone";
			};
			name = Debug;
		};
		A667D6D4274D6E89004F2AC2 /* Release */ = {
			isa = XCBuildConfiguration;
			buildSettings = {
				ALWAYS_SEARCH_USER_PATHS = NO;
				CLANG_ANALYZER_NONNULL = YES;
				CLANG_ANALYZER_NUMBER_OBJECT_CONVERSION = YES_AGGRESSIVE;
				CLANG_CXX_LANGUAGE_STANDARD = "gnu++17";
				CLANG_CXX_LIBRARY = "libc++";
				CLANG_ENABLE_MODULES = YES;
				CLANG_ENABLE_OBJC_ARC = YES;
				CLANG_ENABLE_OBJC_WEAK = YES;
				CLANG_WARN_BLOCK_CAPTURE_AUTORELEASING = YES;
				CLANG_WARN_BOOL_CONVERSION = YES;
				CLANG_WARN_COMMA = YES;
				CLANG_WARN_CONSTANT_CONVERSION = YES;
				CLANG_WARN_DEPRECATED_OBJC_IMPLEMENTATIONS = YES;
				CLANG_WARN_DIRECT_OBJC_ISA_USAGE = YES_ERROR;
				CLANG_WARN_DOCUMENTATION_COMMENTS = YES;
				CLANG_WARN_EMPTY_BODY = YES;
				CLANG_WARN_ENUM_CONVERSION = YES;
				CLANG_WARN_INFINITE_RECURSION = YES;
				CLANG_WARN_INT_CONVERSION = YES;
				CLANG_WARN_NON_LITERAL_NULL_CONVERSION = YES;
				CLANG_WARN_OBJC_IMPLICIT_RETAIN_SELF = YES;
				CLANG_WARN_OBJC_LITERAL_CONVERSION = YES;
				CLANG_WARN_OBJC_ROOT_CLASS = YES_ERROR;
				CLANG_WARN_QUOTED_INCLUDE_IN_FRAMEWORK_HEADER = YES;
				CLANG_WARN_RANGE_LOOP_ANALYSIS = YES;
				CLANG_WARN_STRICT_PROTOTYPES = YES;
				CLANG_WARN_SUSPICIOUS_MOVE = YES;
				CLANG_WARN_UNGUARDED_AVAILABILITY = YES_AGGRESSIVE;
				CLANG_WARN_UNREACHABLE_CODE = YES;
				CLANG_WARN__DUPLICATE_METHOD_MATCH = YES;
				COPY_PHASE_STRIP = NO;
				DEBUG_INFORMATION_FORMAT = "dwarf-with-dsym";
				ENABLE_NS_ASSERTIONS = NO;
				ENABLE_STRICT_OBJC_MSGSEND = YES;
				GCC_C_LANGUAGE_STANDARD = gnu11;
				GCC_NO_COMMON_BLOCKS = YES;
				GCC_WARN_64_TO_32_BIT_CONVERSION = YES;
				GCC_WARN_ABOUT_RETURN_TYPE = YES_ERROR;
				GCC_WARN_UNDECLARED_SELECTOR = YES;
				GCC_WARN_UNINITIALIZED_AUTOS = YES_AGGRESSIVE;
				GCC_WARN_UNUSED_FUNCTION = YES;
				GCC_WARN_UNUSED_VARIABLE = YES;
				IPHONEOS_DEPLOYMENT_TARGET = 15.0;
				MTL_ENABLE_DEBUG_INFO = NO;
				MTL_FAST_MATH = YES;
				SDKROOT = iphoneos;
				SWIFT_COMPILATION_MODE = wholemodule;
				SWIFT_OPTIMIZATION_LEVEL = "-O";
				VALIDATE_PRODUCT = YES;
			};
			name = Release;
		};
		A667D6D6274D6E89004F2AC2 /* Debug */ = {
			isa = XCBuildConfiguration;
			buildSettings = {
				ASSETCATALOG_COMPILER_APPICON_NAME = AppIcon;
				ASSETCATALOG_COMPILER_GLOBAL_ACCENT_COLOR_NAME = AccentColor;
				CODE_SIGN_STYLE = Automatic;
				CURRENT_PROJECT_VERSION = 1;
				DEVELOPMENT_ASSET_PATHS = "\"SampleApp/Preview Content\"";
				DEVELOPMENT_TEAM = G2QHUPGDD5;
				ENABLE_PREVIEWS = YES;
				GENERATE_INFOPLIST_FILE = YES;
				INFOPLIST_FILE = SampleApp/Info.plist;
				INFOPLIST_KEY_UIApplicationSceneManifest_Generation = YES;
				INFOPLIST_KEY_UIApplicationSupportsIndirectInputEvents = YES;
				INFOPLIST_KEY_UILaunchScreen_Generation = YES;
				INFOPLIST_KEY_UISupportedInterfaceOrientations_iPad = "UIInterfaceOrientationPortrait UIInterfaceOrientationPortraitUpsideDown UIInterfaceOrientationLandscapeLeft UIInterfaceOrientationLandscapeRight";
				INFOPLIST_KEY_UISupportedInterfaceOrientations_iPhone = "UIInterfaceOrientationPortrait UIInterfaceOrientationLandscapeLeft UIInterfaceOrientationLandscapeRight";
				LD_RUNPATH_SEARCH_PATHS = (
					"$(inherited)",
					"@executable_path/Frameworks",
				);
				MARKETING_VERSION = 1.0;
				PRODUCT_BUNDLE_IDENTIFIER = muddid.SampleApp;
				PRODUCT_NAME = "$(TARGET_NAME)";
				SWIFT_EMIT_LOC_STRINGS = YES;
				SWIFT_VERSION = 5.0;
				TARGETED_DEVICE_FAMILY = "1,2";
			};
			name = Debug;
		};
		A667D6D7274D6E89004F2AC2 /* Release */ = {
			isa = XCBuildConfiguration;
			buildSettings = {
				ASSETCATALOG_COMPILER_APPICON_NAME = AppIcon;
				ASSETCATALOG_COMPILER_GLOBAL_ACCENT_COLOR_NAME = AccentColor;
				CODE_SIGN_STYLE = Automatic;
				CURRENT_PROJECT_VERSION = 1;
				DEVELOPMENT_ASSET_PATHS = "\"SampleApp/Preview Content\"";
				DEVELOPMENT_TEAM = G2QHUPGDD5;
				ENABLE_PREVIEWS = YES;
				GENERATE_INFOPLIST_FILE = YES;
				INFOPLIST_FILE = SampleApp/Info.plist;
				INFOPLIST_KEY_UIApplicationSceneManifest_Generation = YES;
				INFOPLIST_KEY_UIApplicationSupportsIndirectInputEvents = YES;
				INFOPLIST_KEY_UILaunchScreen_Generation = YES;
				INFOPLIST_KEY_UISupportedInterfaceOrientations_iPad = "UIInterfaceOrientationPortrait UIInterfaceOrientationPortraitUpsideDown UIInterfaceOrientationLandscapeLeft UIInterfaceOrientationLandscapeRight";
				INFOPLIST_KEY_UISupportedInterfaceOrientations_iPhone = "UIInterfaceOrientationPortrait UIInterfaceOrientationLandscapeLeft UIInterfaceOrientationLandscapeRight";
				LD_RUNPATH_SEARCH_PATHS = (
					"$(inherited)",
					"@executable_path/Frameworks",
				);
				MARKETING_VERSION = 1.0;
				PRODUCT_BUNDLE_IDENTIFIER = muddid.SampleApp;
				PRODUCT_NAME = "$(TARGET_NAME)";
				SWIFT_EMIT_LOC_STRINGS = YES;
				SWIFT_VERSION = 5.0;
				TARGETED_DEVICE_FAMILY = "1,2";
			};
			name = Release;
		};
		A667D6D9274D6E89004F2AC2 /* Debug */ = {
			isa = XCBuildConfiguration;
			buildSettings = {
				ALWAYS_EMBED_SWIFT_STANDARD_LIBRARIES = YES;
				BUNDLE_LOADER = "$(TEST_HOST)";
				CODE_SIGN_STYLE = Automatic;
				CURRENT_PROJECT_VERSION = 1;
				DEVELOPMENT_TEAM = G2QHUPGDD5;
				GENERATE_INFOPLIST_FILE = YES;
				IPHONEOS_DEPLOYMENT_TARGET = 15.0;
				LD_RUNPATH_SEARCH_PATHS = (
					"$(inherited)",
					"@executable_path/Frameworks",
					"@loader_path/Frameworks",
				);
				MARKETING_VERSION = 1.0;
				PRODUCT_BUNDLE_IDENTIFIER = muddid.SampleAppTests;
				PRODUCT_NAME = "$(TARGET_NAME)";
				SWIFT_EMIT_LOC_STRINGS = NO;
				SWIFT_VERSION = 5.0;
				TARGETED_DEVICE_FAMILY = "1,2";
				TEST_HOST = "$(BUILT_PRODUCTS_DIR)/SampleApp.app/SampleApp";
			};
			name = Debug;
		};
		A667D6DA274D6E89004F2AC2 /* Release */ = {
			isa = XCBuildConfiguration;
			buildSettings = {
				ALWAYS_EMBED_SWIFT_STANDARD_LIBRARIES = YES;
				BUNDLE_LOADER = "$(TEST_HOST)";
				CODE_SIGN_STYLE = Automatic;
				CURRENT_PROJECT_VERSION = 1;
				DEVELOPMENT_TEAM = G2QHUPGDD5;
				GENERATE_INFOPLIST_FILE = YES;
				IPHONEOS_DEPLOYMENT_TARGET = 15.0;
				LD_RUNPATH_SEARCH_PATHS = (
					"$(inherited)",
					"@executable_path/Frameworks",
					"@loader_path/Frameworks",
				);
				MARKETING_VERSION = 1.0;
				PRODUCT_BUNDLE_IDENTIFIER = muddid.SampleAppTests;
				PRODUCT_NAME = "$(TARGET_NAME)";
				SWIFT_EMIT_LOC_STRINGS = NO;
				SWIFT_VERSION = 5.0;
				TARGETED_DEVICE_FAMILY = "1,2";
				TEST_HOST = "$(BUILT_PRODUCTS_DIR)/SampleApp.app/SampleApp";
			};
			name = Release;
		};
		A667D6DC274D6E89004F2AC2 /* Debug */ = {
			isa = XCBuildConfiguration;
			buildSettings = {
				ALWAYS_EMBED_SWIFT_STANDARD_LIBRARIES = YES;
				CODE_SIGN_STYLE = Automatic;
				CURRENT_PROJECT_VERSION = 1;
				DEVELOPMENT_TEAM = G2QHUPGDD5;
				GENERATE_INFOPLIST_FILE = YES;
				LD_RUNPATH_SEARCH_PATHS = (
					"$(inherited)",
					"@executable_path/Frameworks",
					"@loader_path/Frameworks",
				);
				MARKETING_VERSION = 1.0;
				PRODUCT_BUNDLE_IDENTIFIER = muddid.SampleAppUITests;
				PRODUCT_NAME = "$(TARGET_NAME)";
				SWIFT_EMIT_LOC_STRINGS = NO;
				SWIFT_VERSION = 5.0;
				TARGETED_DEVICE_FAMILY = "1,2";
				TEST_TARGET_NAME = SampleApp;
			};
			name = Debug;
		};
		A667D6DD274D6E89004F2AC2 /* Release */ = {
			isa = XCBuildConfiguration;
			buildSettings = {
				ALWAYS_EMBED_SWIFT_STANDARD_LIBRARIES = YES;
				CODE_SIGN_STYLE = Automatic;
				CURRENT_PROJECT_VERSION = 1;
				DEVELOPMENT_TEAM = G2QHUPGDD5;
				GENERATE_INFOPLIST_FILE = YES;
				LD_RUNPATH_SEARCH_PATHS = (
					"$(inherited)",
					"@executable_path/Frameworks",
					"@loader_path/Frameworks",
				);
				MARKETING_VERSION = 1.0;
				PRODUCT_BUNDLE_IDENTIFIER = muddid.SampleAppUITests;
				PRODUCT_NAME = "$(TARGET_NAME)";
				SWIFT_EMIT_LOC_STRINGS = NO;
				SWIFT_VERSION = 5.0;
				TARGETED_DEVICE_FAMILY = "1,2";
				TEST_TARGET_NAME = SampleApp;
			};
			name = Release;
		};
/* End XCBuildConfiguration section */

/* Begin XCConfigurationList section */
		A667D6AC274D6E87004F2AC2 /* Build configuration list for PBXProject "SampleApp" */ = {
			isa = XCConfigurationList;
			buildConfigurations = (
				A667D6D3274D6E89004F2AC2 /* Debug */,
				A667D6D4274D6E89004F2AC2 /* Release */,
			);
			defaultConfigurationIsVisible = 0;
			defaultConfigurationName = Release;
		};
		A667D6D5274D6E89004F2AC2 /* Build configuration list for PBXNativeTarget "SampleApp" */ = {
			isa = XCConfigurationList;
			buildConfigurations = (
				A667D6D6274D6E89004F2AC2 /* Debug */,
				A667D6D7274D6E89004F2AC2 /* Release */,
			);
			defaultConfigurationIsVisible = 0;
			defaultConfigurationName = Release;
		};
		A667D6D8274D6E89004F2AC2 /* Build configuration list for PBXNativeTarget "SampleAppTests" */ = {
			isa = XCConfigurationList;
			buildConfigurations = (
				A667D6D9274D6E89004F2AC2 /* Debug */,
				A667D6DA274D6E89004F2AC2 /* Release */,
			);
			defaultConfigurationIsVisible = 0;
			defaultConfigurationName = Release;
		};
		A667D6DB274D6E89004F2AC2 /* Build configuration list for PBXNativeTarget "SampleAppUITests" */ = {
			isa = XCConfigurationList;
			buildConfigurations = (
				A667D6DC274D6E89004F2AC2 /* Debug */,
				A667D6DD274D6E89004F2AC2 /* Release */,
			);
			defaultConfigurationIsVisible = 0;
			defaultConfigurationName = Release;
		};
/* End XCConfigurationList section */
	};
	rootObject = A667D6A9274D6E87004F2AC2 /* Project object */;
}
